
Microsoft Visual Studio Solution File, Format Version 12.00
# Visual Studio 15
VisualStudioVersion = 15.0.28307.168
MinimumVisualStudioVersion = 10.0.40219.1
Project("{FAE04EC0-301F-11D3-BF4B-00C04F79EFBC}") = "REPLPlugin", "REPLPlugin\REPLPlugin.csproj", "{BED68171-21BF-46A8-ADDF-F4DDA218A5AA}"
EndProject
Global
	GlobalSection(SolutionConfigurationPlatforms) = preSolution
		Debug|Any CPU = Debug|Any CPU
		Release|Any CPU = Release|Any CPU
	EndGlobalSection
	GlobalSection(ProjectConfigurationPlatforms) = postSolution
		{BED68171-21BF-46A8-ADDF-F4DDA218A5AA}.Debug|Any CPU.ActiveCfg = Debug|Any CPU
		{BED68171-21BF-46A8-ADDF-F4DDA218A5AA}.Debug|Any CPU.Build.0 = Debug|Any CPU
		{BED68171-21BF-46A8-ADDF-F4DDA218A5AA}.Release|Any CPU.ActiveCfg = Release|Any CPU
		{BED68171-21BF-46A8-ADDF-F4DDA218A5AA}.Release|Any CPU.Build.0 = Release|Any CPU
	EndGlobalSection
	GlobalSection(SolutionProperties) = preSolution
		HideSolutionNode = FALSE
	EndGlobalSection
	GlobalSection(ExtensibilityGlobals) = postSolution
		SolutionGuid = {0A24D78F-0A87-4743-9065-358113AF4F40}
	EndGlobalSection
EndGlobal
